
Microsoft Visual Studio Solution File, Format Version 11.00
# Visual Studio 2010
Project("{8BC9CEB8-8B4A-11D0-8D11-00A0C91BC942}") = "qpb", "hsm.vcxproj", "{DD7DAEC9-C314-434B-8CD1-5AA80A99B9C0}"
EndProject
Global
	GlobalSection(SolutionConfigurationPlatforms) = preSolution
		Debug|Win32 = Debug|Win32
		Release|Win32 = Release|Win32
	EndGlobalSection
	GlobalSection(ProjectConfigurationPlatforms) = postSolution
		{DD7DAEC9-C314-434B-8CD1-5AA80A99B9C0}.Debug|Win32.ActiveCfg = Debug|Win32
		{DD7DAEC9-C314-434B-8CD1-5AA80A99B9C0}.Debug|Win32.Build.0 = Debug|Win32
		{DD7DAEC9-C314-434B-8CD1-5AA80A99B9C0}.Release|Win32.ActiveCfg = Release|Win32
		{DD7DAEC9-C314-434B-8CD1-5AA80A99B9C0}.Release|Win32.Build.0 = Release|Win32
		{C114CFB8-8C70-420E-B2A9-6BB1544633D4}.Debug|Win32.ActiveCfg = Debug|Win32
		{C114CFB8-8C70-420E-B2A9-6BB1544633D4}.Debug|Win32.Build.0 = Debug|Win32
		{C114CFB8-8C70-420E-B2A9-6BB1544633D4}.Release|Win32.ActiveCfg = Release|Win32
		{C114CFB8-8C70-420E-B2A9-6BB1544633D4}.Release|Win32.Build.0 = Release|Win32
		{2CC122C4-D148-4D2C-B381-85489C2D97B8}.Debug|Win32.ActiveCfg = Debug|Win32
		{2CC122C4-D148-4D2C-B381-85489C2D97B8}.Debug|Win32.Build.0 = Debug|Win32
		{2CC122C4-D148-4D2C-B381-85489C2D97B8}.Release|Win32.ActiveCfg = Release|Win32
		{2CC122C4-D148-4D2C-B381-85489C2D97B8}.Release|Win32.Build.0 = Release|Win32
		{1FC21FCD-048C-05F1-F423-A9D113878FDA}.Debug|Win32.ActiveCfg = Debug|Win32
		{1FC21FCD-048C-05F1-F423-A9D113878FDA}.Debug|Win32.Build.0 = Debug|Win32
		{1FC21FCD-048C-05F1-F423-A9D113878FDA}.Release|Win32.ActiveCfg = Release|Win32
		{1FC21FCD-048C-05F1-F423-A9D113878FDA}.Release|Win32.Build.0 = Release|Win32
		{42FED291-50B1-8CBD-7C0E-8649988E3DDB}.Debug|Win32.ActiveCfg = Debug|Win32
		{42FED291-50B1-8CBD-7C0E-8649988E3DDB}.Debug|Win32.Build.0 = Debug|Win32
		{42FED291-50B1-8CBD-7C0E-8649988E3DDB}.Release|Win32.ActiveCfg = Release|Win32
		{42FED291-50B1-8CBD-7C0E-8649988E3DDB}.Release|Win32.Build.0 = Release|Win32
	EndGlobalSection
	GlobalSection(SolutionProperties) = preSolution
		HideSolutionNode = FALSE
	EndGlobalSection
EndGlobal
